{
  "version": 4,
  "terraform_version": "0.12.18",
  "serial": 30,
  "lineage": "0ca4c167-6734-9e07-1dbf-3b5344796c7c",
  "outputs": {
    "default_network_acl_id": {
      "value": "acl-0c01aad2d4b957874",
      "type": "string"
    },
    "default_route_table_id": {
      "value": "rtb-0baa0aadbc173f324",
      "type": "string"
    },
    "default_security_group_id": {
      "value": "sg-01aa4a5a908c71800",
      "type": "string"
    },
    "igw_id": {
      "value": "igw-0960b02df3aee383a",
      "type": "string"
    },
    "private_subnet_arns": {
      "value": [
        "arn:aws:ec2:us-east-2:060791840656:subnet/subnet-089e259dbe5e30160",
        "arn:aws:ec2:us-east-2:060791840656:subnet/subnet-056ed2158f1164e1c",
        "arn:aws:ec2:us-east-2:060791840656:subnet/subnet-0fec5a4679aa9cd0a"
      ],
      "type": [
        "tuple",
        [
          "string",
          "string",
          "string"
        ]
      ]
    },
    "private_subnets": {
      "value": [
        "subnet-089e259dbe5e30160",
        "subnet-056ed2158f1164e1c",
        "subnet-0fec5a4679aa9cd0a"
      ],
      "type": [
        "tuple",
        [
          "string",
          "string",
          "string"
        ]
      ]
    },
    "private_subnets_cidr_blocks": {
      "value": [
        "10.0.120.0/24",
        "10.0.121.0/24",
        "10.0.122.0/24"
      ],
      "type": [
        "tuple",
        [
          "string",
          "string",
          "string"
        ]
      ]
    },
    "public_subnet_arns": {
      "value": [
        "arn:aws:ec2:us-east-2:060791840656:subnet/subnet-00fefa11940f69dab",
        "arn:aws:ec2:us-east-2:060791840656:subnet/subnet-01e78da5830e814c3",
        "arn:aws:ec2:us-east-2:060791840656:subnet/subnet-03aaa2d526d713d0e"
      ],
      "type": [
        "tuple",
        [
          "string",
          "string",
          "string"
        ]
      ]
    },
    "public_subnets": {
      "value": [
        "subnet-00fefa11940f69dab",
        "subnet-01e78da5830e814c3",
        "subnet-03aaa2d526d713d0e"
      ],
      "type": [
        "tuple",
        [
          "string",
          "string",
          "string"
        ]
      ]
    },
    "public_subnets_cidr_blocks": {
      "value": [
        "10.0.20.0/24",
        "10.0.21.0/24",
        "10.0.22.0/24"
      ],
      "type": [
        "tuple",
        [
          "string",
          "string",
          "string"
        ]
      ]
    },
    "vpc_arn": {
      "value": "arn:aws:ec2:us-east-2:060791840656:vpc/vpc-027fcfa19da073b2a",
      "type": "string"
    },
    "vpc_cidr_block": {
      "value": "10.0.0.0/16",
      "type": "string"
    },
    "vpc_enable_dns_hostnames": {
      "value": true,
      "type": "bool"
    },
    "vpc_enable_dns_support": {
      "value": true,
      "type": "bool"
    },
    "vpc_id": {
      "value": "vpc-027fcfa19da073b2a",
      "type": "string"
    },
    "vpc_main_route_table_id": {
      "value": "rtb-0baa0aadbc173f324",
      "type": "string"
    }
  },
  "resources": [
    {
      "mode": "managed",
      "type": "aws_internet_gateway",
      "name": "this",
      "provider": "provider.aws",
      "instances": [
        {
          "schema_version": 0,
          "attributes": {
            "id": "igw-0960b02df3aee383a",
            "owner_id": "060791840656",
            "tags": {
              "Environment": "dev",
              "Name": "igw-presseproject",
              "Owner": "fopingn"
            },
            "vpc_id": "vpc-027fcfa19da073b2a"
          },
          "private": "bnVsbA==",
          "dependencies": [
            "aws_vpc.this"
          ]
        }
      ]
    },
    {
      "mode": "managed",
      "type": "aws_route",
      "name": "public_internet_route",
      "provider": "provider.aws",
      "instances": [
        {
          "schema_version": 0,
          "attributes": {
            "destination_cidr_block": "0.0.0.0/0",
            "destination_ipv6_cidr_block": null,
            "destination_prefix_list_id": "",
            "egress_only_gateway_id": "",
            "gateway_id": "igw-0960b02df3aee383a",
            "id": "r-rtb-0baa0aadbc173f3241080289494",
            "instance_id": "",
            "instance_owner_id": "",
            "nat_gateway_id": "",
            "network_interface_id": "",
            "origin": "CreateRoute",
            "route_table_id": "rtb-0baa0aadbc173f324",
            "state": "active",
            "timeouts": null,
            "transit_gateway_id": "",
            "vpc_peering_connection_id": ""
          },
          "private": "eyJlMmJmYjczMC1lY2FhLTExZTYtOGY4OC0zNDM2M2JjN2M0YzAiOnsiY3JlYXRlIjoxMjAwMDAwMDAwMDAsImRlbGV0ZSI6MzAwMDAwMDAwMDAwfX0=",
          "dependencies": [
            "aws_internet_gateway.this",
            "aws_vpc.this"
          ]
        }
      ]
    },
    {
      "mode": "managed",
      "type": "aws_subnet",
      "name": "private",
      "each": "list",
      "provider": "provider.aws",
      "instances": [
        {
          "index_key": 0,
          "schema_version": 1,
          "attributes": {
            "arn": "arn:aws:ec2:us-east-2:060791840656:subnet/subnet-089e259dbe5e30160",
            "assign_ipv6_address_on_creation": false,
            "availability_zone": "us-east-2a",
            "availability_zone_id": "use2-az1",
            "cidr_block": "10.0.120.0/24",
            "id": "subnet-089e259dbe5e30160",
            "ipv6_cidr_block": "",
            "ipv6_cidr_block_association_id": "",
            "map_public_ip_on_launch": false,
            "owner_id": "060791840656",
            "tags": {
              "Environment": "dev",
              "Name": "private_subnet-presseproject",
              "Owner": "fopingn"
            },
            "timeouts": null,
            "vpc_id": "vpc-027fcfa19da073b2a"
          },
          "private": "eyJlMmJmYjczMC1lY2FhLTExZTYtOGY4OC0zNDM2M2JjN2M0YzAiOnsiY3JlYXRlIjo2MDAwMDAwMDAwMDAsImRlbGV0ZSI6MTIwMDAwMDAwMDAwMH0sInNjaGVtYV92ZXJzaW9uIjoiMSJ9",
          "dependencies": [
            "aws_vpc.this"
          ]
        },
        {
          "index_key": 1,
          "schema_version": 1,
          "attributes": {
            "arn": "arn:aws:ec2:us-east-2:060791840656:subnet/subnet-056ed2158f1164e1c",
            "assign_ipv6_address_on_creation": false,
            "availability_zone": "us-east-2b",
            "availability_zone_id": "use2-az2",
            "cidr_block": "10.0.121.0/24",
            "id": "subnet-056ed2158f1164e1c",
            "ipv6_cidr_block": "",
            "ipv6_cidr_block_association_id": "",
            "map_public_ip_on_launch": false,
            "owner_id": "060791840656",
            "tags": {
              "Environment": "dev",
              "Name": "private_subnet-presseproject",
              "Owner": "fopingn"
            },
            "timeouts": null,
            "vpc_id": "vpc-027fcfa19da073b2a"
          },
          "private": "eyJlMmJmYjczMC1lY2FhLTExZTYtOGY4OC0zNDM2M2JjN2M0YzAiOnsiY3JlYXRlIjo2MDAwMDAwMDAwMDAsImRlbGV0ZSI6MTIwMDAwMDAwMDAwMH0sInNjaGVtYV92ZXJzaW9uIjoiMSJ9",
          "dependencies": [
            "aws_vpc.this"
          ]
        },
        {
          "index_key": 2,
          "schema_version": 1,
          "attributes": {
            "arn": "arn:aws:ec2:us-east-2:060791840656:subnet/subnet-0fec5a4679aa9cd0a",
            "assign_ipv6_address_on_creation": false,
            "availability_zone": "us-east-2c",
            "availability_zone_id": "use2-az3",
            "cidr_block": "10.0.122.0/24",
            "id": "subnet-0fec5a4679aa9cd0a",
            "ipv6_cidr_block": "",
            "ipv6_cidr_block_association_id": "",
            "map_public_ip_on_launch": false,
            "owner_id": "060791840656",
            "tags": {
              "Environment": "dev",
              "Name": "private_subnet-presseproject",
              "Owner": "fopingn"
            },
            "timeouts": null,
            "vpc_id": "vpc-027fcfa19da073b2a"
          },
          "private": "eyJlMmJmYjczMC1lY2FhLTExZTYtOGY4OC0zNDM2M2JjN2M0YzAiOnsiY3JlYXRlIjo2MDAwMDAwMDAwMDAsImRlbGV0ZSI6MTIwMDAwMDAwMDAwMH0sInNjaGVtYV92ZXJzaW9uIjoiMSJ9",
          "dependencies": [
            "aws_vpc.this"
          ]
        }
      ]
    },
    {
      "mode": "managed",
      "type": "aws_subnet",
      "name": "public",
      "each": "list",
      "provider": "provider.aws",
      "instances": [
        {
          "index_key": 0,
          "schema_version": 1,
          "attributes": {
            "arn": "arn:aws:ec2:us-east-2:060791840656:subnet/subnet-00fefa11940f69dab",
            "assign_ipv6_address_on_creation": false,
            "availability_zone": "us-east-2a",
            "availability_zone_id": "use2-az1",
            "cidr_block": "10.0.20.0/24",
            "id": "subnet-00fefa11940f69dab",
            "ipv6_cidr_block": "",
            "ipv6_cidr_block_association_id": "",
            "map_public_ip_on_launch": false,
            "owner_id": "060791840656",
            "tags": {
              "Environment": "dev",
              "Name": "public_subnet-presseproject",
              "Owner": "fopingn"
            },
            "timeouts": null,
            "vpc_id": "vpc-027fcfa19da073b2a"
          },
          "private": "eyJlMmJmYjczMC1lY2FhLTExZTYtOGY4OC0zNDM2M2JjN2M0YzAiOnsiY3JlYXRlIjo2MDAwMDAwMDAwMDAsImRlbGV0ZSI6MTIwMDAwMDAwMDAwMH0sInNjaGVtYV92ZXJzaW9uIjoiMSJ9",
          "dependencies": [
            "aws_vpc.this"
          ]
        },
        {
          "index_key": 1,
          "schema_version": 1,
          "attributes": {
            "arn": "arn:aws:ec2:us-east-2:060791840656:subnet/subnet-01e78da5830e814c3",
            "assign_ipv6_address_on_creation": false,
            "availability_zone": "us-east-2b",
            "availability_zone_id": "use2-az2",
            "cidr_block": "10.0.21.0/24",
            "id": "subnet-01e78da5830e814c3",
            "ipv6_cidr_block": "",
            "ipv6_cidr_block_association_id": "",
            "map_public_ip_on_launch": false,
            "owner_id": "060791840656",
            "tags": {
              "Environment": "dev",
              "Name": "public_subnet-presseproject",
              "Owner": "fopingn"
            },
            "timeouts": null,
            "vpc_id": "vpc-027fcfa19da073b2a"
          },
          "private": "eyJlMmJmYjczMC1lY2FhLTExZTYtOGY4OC0zNDM2M2JjN2M0YzAiOnsiY3JlYXRlIjo2MDAwMDAwMDAwMDAsImRlbGV0ZSI6MTIwMDAwMDAwMDAwMH0sInNjaGVtYV92ZXJzaW9uIjoiMSJ9",
          "dependencies": [
            "aws_vpc.this"
          ]
        },
        {
          "index_key": 2,
          "schema_version": 1,
          "attributes": {
            "arn": "arn:aws:ec2:us-east-2:060791840656:subnet/subnet-03aaa2d526d713d0e",
            "assign_ipv6_address_on_creation": false,
            "availability_zone": "us-east-2c",
            "availability_zone_id": "use2-az3",
            "cidr_block": "10.0.22.0/24",
            "id": "subnet-03aaa2d526d713d0e",
            "ipv6_cidr_block": "",
            "ipv6_cidr_block_association_id": "",
            "map_public_ip_on_launch": false,
            "owner_id": "060791840656",
            "tags": {
              "Environment": "dev",
              "Name": "public_subnet-presseproject",
              "Owner": "fopingn"
            },
            "timeouts": null,
            "vpc_id": "vpc-027fcfa19da073b2a"
          },
          "private": "eyJlMmJmYjczMC1lY2FhLTExZTYtOGY4OC0zNDM2M2JjN2M0YzAiOnsiY3JlYXRlIjo2MDAwMDAwMDAwMDAsImRlbGV0ZSI6MTIwMDAwMDAwMDAwMH0sInNjaGVtYV92ZXJzaW9uIjoiMSJ9",
          "dependencies": [
            "aws_vpc.this"
          ]
        }
      ]
    },
    {
      "mode": "managed",
      "type": "aws_vpc",
      "name": "this",
      "provider": "provider.aws",
      "instances": [
        {
          "schema_version": 1,
          "attributes": {
            "arn": "arn:aws:ec2:us-east-2:060791840656:vpc/vpc-027fcfa19da073b2a",
            "assign_generated_ipv6_cidr_block": false,
            "cidr_block": "10.0.0.0/16",
            "default_network_acl_id": "acl-0c01aad2d4b957874",
            "default_route_table_id": "rtb-0baa0aadbc173f324",
            "default_security_group_id": "sg-01aa4a5a908c71800",
            "dhcp_options_id": "dopt-839461e8",
            "enable_classiclink": null,
            "enable_classiclink_dns_support": null,
            "enable_dns_hostnames": true,
            "enable_dns_support": true,
            "id": "vpc-027fcfa19da073b2a",
            "instance_tenancy": "default",
            "ipv6_association_id": "",
            "ipv6_cidr_block": "",
            "main_route_table_id": "rtb-0baa0aadbc173f324",
            "owner_id": "060791840656",
            "tags": {
              "Environment": "dev",
              "Name": "vpc-presseproject",
              "Owner": "fopingn"
            }
          },
          "private": "eyJzY2hlbWFfdmVyc2lvbiI6IjEifQ=="
        }
      ]
    }
  ]
}
